
Microsoft Visual Studio Solution File, Format Version 12.00
# Visual Studio Version 16
VisualStudioVersion = 16.0.29926.136
MinimumVisualStudioVersion = 10.0.40219.1
Project("{FAE04EC0-301F-11D3-BF4B-00C04F79EFBC}") = "lab48demoproj", "lab48demoproj\lab48demoproj.csproj", "{DA1358C7-8068-49C2-975F-43253DA67278}"
EndProject
Global
	GlobalSection(SolutionConfigurationPlatforms) = preSolution
		Debug|Any CPU = Debug|Any CPU
		Release|Any CPU = Release|Any CPU
	EndGlobalSection
	GlobalSection(ProjectConfigurationPlatforms) = postSolution
		{DA1358C7-8068-49C2-975F-43253DA67278}.Debug|Any CPU.ActiveCfg = Debug|Any CPU
		{DA1358C7-8068-49C2-975F-43253DA67278}.Debug|Any CPU.Build.0 = Debug|Any CPU
		{DA1358C7-8068-49C2-975F-43253DA67278}.Release|Any CPU.ActiveCfg = Release|Any CPU
		{DA1358C7-8068-49C2-975F-43253DA67278}.Release|Any CPU.Build.0 = Release|Any CPU
	EndGlobalSection
	GlobalSection(SolutionProperties) = preSolution
		HideSolutionNode = FALSE
	EndGlobalSection
	GlobalSection(ExtensibilityGlobals) = postSolution
		SolutionGuid = {7D00095C-F6E5-4504-A7DD-3EC09364479F}
	EndGlobalSection
EndGlobal
